
Microsoft Visual Studio Solution File, Format Version 12.00
# Visual Studio Version 17
VisualStudioVersion = 17.9.34728.123
MinimumVisualStudioVersion = 10.0.40219.1
Project("{9A19103F-16F7-4668-BE54-9A1E7A4F7556}") = "PatientManagementSystem-API", "PatientManagementSystem-API.csproj", "{7EC2C315-A090-46FF-B955-A4D448817F67}"
EndProject
Global
	GlobalSection(SolutionConfigurationPlatforms) = preSolution
		Debug|Any CPU = Debug|Any CPU
		Release|Any CPU = Release|Any CPU
	EndGlobalSection
	GlobalSection(ProjectConfigurationPlatforms) = postSolution
		{7EC2C315-A090-46FF-B955-A4D448817F67}.Debug|Any CPU.ActiveCfg = Debug|Any CPU
		{7EC2C315-A090-46FF-B955-A4D448817F67}.Debug|Any CPU.Build.0 = Debug|Any CPU
		{7EC2C315-A090-46FF-B955-A4D448817F67}.Release|Any CPU.ActiveCfg = Release|Any CPU
		{7EC2C315-A090-46FF-B955-A4D448817F67}.Release|Any CPU.Build.0 = Release|Any CPU
	EndGlobalSection
	GlobalSection(SolutionProperties) = preSolution
		HideSolutionNode = FALSE
	EndGlobalSection
	GlobalSection(ExtensibilityGlobals) = postSolution
		SolutionGuid = {0789387D-92BC-4767-A6EE-FBC71EB45CE1}
	EndGlobalSection
EndGlobal
